
Microsoft Visual Studio Solution File, Format Version 12.00
# Visual Studio Version 16
VisualStudioVersion = 25.0.1706.0
MinimumVisualStudioVersion = 10.0.40219.1
Project("{FAE04EC0-301F-11D3-BF4B-00C04F79EFBC}") = "Алгоритмы", "Алгоритмы\Алгоритмы.csproj", "{66C90612-4A50-4FA9-B45B-E3073F29A166}"
EndProject
Global
	GlobalSection(SolutionConfigurationPlatforms) = preSolution
		Debug|Any CPU = Debug|Any CPU
		Release|Any CPU = Release|Any CPU
	EndGlobalSection
	GlobalSection(ProjectConfigurationPlatforms) = postSolution
		{66C90612-4A50-4FA9-B45B-E3073F29A166}.Debug|Any CPU.ActiveCfg = Debug|Any CPU
		{66C90612-4A50-4FA9-B45B-E3073F29A166}.Debug|Any CPU.Build.0 = Debug|Any CPU
		{66C90612-4A50-4FA9-B45B-E3073F29A166}.Release|Any CPU.ActiveCfg = Release|Any CPU
		{66C90612-4A50-4FA9-B45B-E3073F29A166}.Release|Any CPU.Build.0 = Release|Any CPU
	EndGlobalSection
	GlobalSection(SolutionProperties) = preSolution
		HideSolutionNode = FALSE
	EndGlobalSection
	GlobalSection(ExtensibilityGlobals) = postSolution
		SolutionGuid = {41D6930F-674A-4267-BB58-0898F2983C1B}
	EndGlobalSection
EndGlobal
